
Microsoft Visual Studio Solution File, Format Version 12.00
# Visual Studio 2012
Project("{FAE04EC0-301F-11D3-BF4B-00C04F79EFBC}") = "CBOAuth2ClientCredentialTests", "CBOAuth2ClientCredentialTests\CBOAuth2ClientCredentialTests.csproj", "{6EB1D539-E072-4D83-8572-A58DAF0D071C}"
EndProject
Project("{FAE04EC0-301F-11D3-BF4B-00C04F79EFBC}") = "CBOAuth2ClientCredential", "CBOAuth2ClientCredential\CBOAuth2ClientCredential.csproj", "{A80B51B8-DDF6-4026-98A4-B59653E50B38}"
EndProject
Global
	GlobalSection(SolutionConfigurationPlatforms) = preSolution
		Debug|Any CPU = Debug|Any CPU
		Release|Any CPU = Release|Any CPU
	EndGlobalSection
	GlobalSection(ProjectConfigurationPlatforms) = postSolution
		{6EB1D539-E072-4D83-8572-A58DAF0D071C}.Debug|Any CPU.ActiveCfg = Debug|Any CPU
		{6EB1D539-E072-4D83-8572-A58DAF0D071C}.Debug|Any CPU.Build.0 = Debug|Any CPU
		{6EB1D539-E072-4D83-8572-A58DAF0D071C}.Release|Any CPU.ActiveCfg = Release|Any CPU
		{6EB1D539-E072-4D83-8572-A58DAF0D071C}.Release|Any CPU.Build.0 = Release|Any CPU
		{A80B51B8-DDF6-4026-98A4-B59653E50B38}.Debug|Any CPU.ActiveCfg = Debug|Any CPU
		{A80B51B8-DDF6-4026-98A4-B59653E50B38}.Debug|Any CPU.Build.0 = Debug|Any CPU
		{A80B51B8-DDF6-4026-98A4-B59653E50B38}.Release|Any CPU.ActiveCfg = Release|Any CPU
		{A80B51B8-DDF6-4026-98A4-B59653E50B38}.Release|Any CPU.Build.0 = Release|Any CPU
	EndGlobalSection
	GlobalSection(SolutionProperties) = preSolution
		HideSolutionNode = FALSE
	EndGlobalSection
EndGlobal
